
Microsoft Visual Studio Solution File, Format Version 12.00
# Visual Studio Version 16
VisualStudioVersion = 16.0.31112.23
MinimumVisualStudioVersion = 10.0.40219.1
Project("{9A19103F-16F7-4668-BE54-9A1E7A4F7556}") = "XdataAnalyze", "XdataAnalyze.csproj", "{9EA519B2-F369-41B3-9392-2701A2BF0D0B}"
EndProject
Project("{9A19103F-16F7-4668-BE54-9A1E7A4F7556}") = "DAL", "..\DAL\DAL.csproj", "{7D78D945-565E-497E-B127-461E3099E77F}"
EndProject
Project("{9A19103F-16F7-4668-BE54-9A1E7A4F7556}") = "Model", "..\Model\Model.csproj", "{DD33E1A8-4112-4983-A7CD-591B047C295B}"
EndProject
Project("{9A19103F-16F7-4668-BE54-9A1E7A4F7556}") = "BLL", "..\BLL\BLL.csproj", "{114E393A-7EA6-453F-9638-AA70EDC0BA99}"
EndProject
Project("{9A19103F-16F7-4668-BE54-9A1E7A4F7556}") = "Common", "..\Common\Common.csproj", "{73CFAA7A-C99A-4553-AED3-B3D95480D6C3}"
EndProject
Project("{54435603-DBB4-11D2-8724-00A0C9A8B90C}") = "XdataAnalyzeSetup", "..\XdataAnalyzeSetup\XdataAnalyzeSetup.vdproj", "{712B4151-AD41-4722-94C0-F72EB45926E5}"
EndProject
Global
	GlobalSection(SolutionConfigurationPlatforms) = preSolution
		Debug|Any CPU = Debug|Any CPU
		Debug|ARM = Debug|ARM
		Debug|ARM64 = Debug|ARM64
		Debug|x64 = Debug|x64
		Debug|x86 = Debug|x86
		Release|Any CPU = Release|Any CPU
		Release|ARM = Release|ARM
		Release|ARM64 = Release|ARM64
		Release|x64 = Release|x64
		Release|x86 = Release|x86
	EndGlobalSection
	GlobalSection(ProjectConfigurationPlatforms) = postSolution
		{9EA519B2-F369-41B3-9392-2701A2BF0D0B}.Debug|Any CPU.ActiveCfg = Debug|Any CPU
		{9EA519B2-F369-41B3-9392-2701A2BF0D0B}.Debug|Any CPU.Build.0 = Debug|Any CPU
		{9EA519B2-F369-41B3-9392-2701A2BF0D0B}.Debug|ARM.ActiveCfg = Debug|Any CPU
		{9EA519B2-F369-41B3-9392-2701A2BF0D0B}.Debug|ARM.Build.0 = Debug|Any CPU
		{9EA519B2-F369-41B3-9392-2701A2BF0D0B}.Debug|ARM64.ActiveCfg = Debug|Any CPU
		{9EA519B2-F369-41B3-9392-2701A2BF0D0B}.Debug|ARM64.Build.0 = Debug|Any CPU
		{9EA519B2-F369-41B3-9392-2701A2BF0D0B}.Debug|x64.ActiveCfg = Debug|Any CPU
		{9EA519B2-F369-41B3-9392-2701A2BF0D0B}.Debug|x64.Build.0 = Debug|Any CPU
		{9EA519B2-F369-41B3-9392-2701A2BF0D0B}.Debug|x86.ActiveCfg = Debug|x86
		{9EA519B2-F369-41B3-9392-2701A2BF0D0B}.Debug|x86.Build.0 = Debug|x86
		{9EA519B2-F369-41B3-9392-2701A2BF0D0B}.Release|Any CPU.ActiveCfg = Release|Any CPU
		{9EA519B2-F369-41B3-9392-2701A2BF0D0B}.Release|Any CPU.Build.0 = Release|Any CPU
		{9EA519B2-F369-41B3-9392-2701A2BF0D0B}.Release|ARM.ActiveCfg = Release|Any CPU
		{9EA519B2-F369-41B3-9392-2701A2BF0D0B}.Release|ARM.Build.0 = Release|Any CPU
		{9EA519B2-F369-41B3-9392-2701A2BF0D0B}.Release|ARM64.ActiveCfg = Release|Any CPU
		{9EA519B2-F369-41B3-9392-2701A2BF0D0B}.Release|ARM64.Build.0 = Release|Any CPU
		{9EA519B2-F369-41B3-9392-2701A2BF0D0B}.Release|x64.ActiveCfg = Release|Any CPU
		{9EA519B2-F369-41B3-9392-2701A2BF0D0B}.Release|x64.Build.0 = Release|Any CPU
		{9EA519B2-F369-41B3-9392-2701A2BF0D0B}.Release|x86.ActiveCfg = Release|x86
		{9EA519B2-F369-41B3-9392-2701A2BF0D0B}.Release|x86.Build.0 = Release|x86
		{7D78D945-565E-497E-B127-461E3099E77F}.Debug|Any CPU.ActiveCfg = Debug|Any CPU
		{7D78D945-565E-497E-B127-461E3099E77F}.Debug|Any CPU.Build.0 = Debug|Any CPU
		{7D78D945-565E-497E-B127-461E3099E77F}.Debug|ARM.ActiveCfg = Debug|Any CPU
		{7D78D945-565E-497E-B127-461E3099E77F}.Debug|ARM.Build.0 = Debug|Any CPU
		{7D78D945-565E-497E-B127-461E3099E77F}.Debug|ARM64.ActiveCfg = Debug|Any CPU
		{7D78D945-565E-497E-B127-461E3099E77F}.Debug|ARM64.Build.0 = Debug|Any CPU
		{7D78D945-565E-497E-B127-461E3099E77F}.Debug|x64.ActiveCfg = Debug|Any CPU
		{7D78D945-565E-497E-B127-461E3099E77F}.Debug|x64.Build.0 = Debug|Any CPU
		{7D78D945-565E-497E-B127-461E3099E77F}.Debug|x86.ActiveCfg = Debug|x86
		{7D78D945-565E-497E-B127-461E3099E77F}.Debug|x86.Build.0 = Debug|x86
		{7D78D945-565E-497E-B127-461E3099E77F}.Release|Any CPU.ActiveCfg = Release|Any CPU
		{7D78D945-565E-497E-B127-461E3099E77F}.Release|Any CPU.Build.0 = Release|Any CPU
		{7D78D945-565E-497E-B127-461E3099E77F}.Release|ARM.ActiveCfg = Release|Any CPU
		{7D78D945-565E-497E-B127-461E3099E77F}.Release|ARM.Build.0 = Release|Any CPU
		{7D78D945-565E-497E-B127-461E3099E77F}.Release|ARM64.ActiveCfg = Release|Any CPU
		{7D78D945-565E-497E-B127-461E3099E77F}.Release|ARM64.Build.0 = Release|Any CPU
		{7D78D945-565E-497E-B127-461E3099E77F}.Release|x64.ActiveCfg = Release|Any CPU
		{7D78D945-565E-497E-B127-461E3099E77F}.Release|x64.Build.0 = Release|Any CPU
		{7D78D945-565E-497E-B127-461E3099E77F}.Release|x86.ActiveCfg = Release|x86
		{7D78D945-565E-497E-B127-461E3099E77F}.Release|x86.Build.0 = Release|x86
		{DD33E1A8-4112-4983-A7CD-591B047C295B}.Debug|Any CPU.ActiveCfg = Debug|Any CPU
		{DD33E1A8-4112-4983-A7CD-591B047C295B}.Debug|Any CPU.Build.0 = Debug|Any CPU
		{DD33E1A8-4112-4983-A7CD-591B047C295B}.Debug|ARM.ActiveCfg = Debug|Any CPU
		{DD33E1A8-4112-4983-A7CD-591B047C295B}.Debug|ARM.Build.0 = Debug|Any CPU
		{DD33E1A8-4112-4983-A7CD-591B047C295B}.Debug|ARM64.ActiveCfg = Debug|Any CPU
		{DD33E1A8-4112-4983-A7CD-591B047C295B}.Debug|ARM64.Build.0 = Debug|Any CPU
		{DD33E1A8-4112-4983-A7CD-591B047C295B}.Debug|x64.ActiveCfg = Debug|Any CPU
		{DD33E1A8-4112-4983-A7CD-591B047C295B}.Debug|x64.Build.0 = Debug|Any CPU
		{DD33E1A8-4112-4983-A7CD-591B047C295B}.Debug|x86.ActiveCfg = Debug|x86
		{DD33E1A8-4112-4983-A7CD-591B047C295B}.Debug|x86.Build.0 = Debug|x86
		{DD33E1A8-4112-4983-A7CD-591B047C295B}.Release|Any CPU.ActiveCfg = Release|Any CPU
		{DD33E1A8-4112-4983-A7CD-591B047C295B}.Release|Any CPU.Build.0 = Release|Any CPU
		{DD33E1A8-4112-4983-A7CD-591B047C295B}.Release|ARM.ActiveCfg = Release|Any CPU
		{DD33E1A8-4112-4983-A7CD-591B047C295B}.Release|ARM.Build.0 = Release|Any CPU
		{DD33E1A8-4112-4983-A7CD-591B047C295B}.Release|ARM64.ActiveCfg = Release|Any CPU
		{DD33E1A8-4112-4983-A7CD-591B047C295B}.Release|ARM64.Build.0 = Release|Any CPU
		{DD33E1A8-4112-4983-A7CD-591B047C295B}.Release|x64.ActiveCfg = Release|Any CPU
		{DD33E1A8-4112-4983-A7CD-591B047C295B}.Release|x64.Build.0 = Release|Any CPU
		{DD33E1A8-4112-4983-A7CD-591B047C295B}.Release|x86.ActiveCfg = Release|x86
		{DD33E1A8-4112-4983-A7CD-591B047C295B}.Release|x86.Build.0 = Release|x86
		{114E393A-7EA6-453F-9638-AA70EDC0BA99}.Debug|Any CPU.ActiveCfg = Debug|Any CPU
		{114E393A-7EA6-453F-9638-AA70EDC0BA99}.Debug|Any CPU.Build.0 = Debug|Any CPU
		{114E393A-7EA6-453F-9638-AA70EDC0BA99}.Debug|ARM.ActiveCfg = Debug|Any CPU
		{114E393A-7EA6-453F-9638-AA70EDC0BA99}.Debug|ARM.Build.0 = Debug|Any CPU
		{114E393A-7EA6-453F-9638-AA70EDC0BA99}.Debug|ARM64.ActiveCfg = Debug|Any CPU
		{114E393A-7EA6-453F-9638-AA70EDC0BA99}.Debug|ARM64.Build.0 = Debug|Any CPU
		{114E393A-7EA6-453F-9638-AA70EDC0BA99}.Debug|x64.ActiveCfg = Debug|Any CPU
		{114E393A-7EA6-453F-9638-AA70EDC0BA99}.Debug|x64.Build.0 = Debug|Any CPU
		{114E393A-7EA6-453F-9638-AA70EDC0BA99}.Debug|x86.ActiveCfg = Debug|x86
		{114E393A-7EA6-453F-9638-AA70EDC0BA99}.Debug|x86.Build.0 = Debug|x86
		{114E393A-7EA6-453F-9638-AA70EDC0BA99}.Release|Any CPU.ActiveCfg = Release|Any CPU
		{114E393A-7EA6-453F-9638-AA70EDC0BA99}.Release|Any CPU.Build.0 = Release|Any CPU
		{114E393A-7EA6-453F-9638-AA70EDC0BA99}.Release|ARM.ActiveCfg = Release|Any CPU
		{114E393A-7EA6-453F-9638-AA70EDC0BA99}.Release|ARM.Build.0 = Release|Any CPU
		{114E393A-7EA6-453F-9638-AA70EDC0BA99}.Release|ARM64.ActiveCfg = Release|Any CPU
		{114E393A-7EA6-453F-9638-AA70EDC0BA99}.Release|ARM64.Build.0 = Release|Any CPU
		{114E393A-7EA6-453F-9638-AA70EDC0BA99}.Release|x64.ActiveCfg = Release|Any CPU
		{114E393A-7EA6-453F-9638-AA70EDC0BA99}.Release|x64.Build.0 = Release|Any CPU
		{114E393A-7EA6-453F-9638-AA70EDC0BA99}.Release|x86.ActiveCfg = Release|x86
		{114E393A-7EA6-453F-9638-AA70EDC0BA99}.Release|x86.Build.0 = Release|x86
		{73CFAA7A-C99A-4553-AED3-B3D95480D6C3}.Debug|Any CPU.ActiveCfg = Debug|Any CPU
		{73CFAA7A-C99A-4553-AED3-B3D95480D6C3}.Debug|Any CPU.Build.0 = Debug|Any CPU
		{73CFAA7A-C99A-4553-AED3-B3D95480D6C3}.Debug|ARM.ActiveCfg = Debug|Any CPU
		{73CFAA7A-C99A-4553-AED3-B3D95480D6C3}.Debug|ARM.Build.0 = Debug|Any CPU
		{73CFAA7A-C99A-4553-AED3-B3D95480D6C3}.Debug|ARM64.ActiveCfg = Debug|Any CPU
		{73CFAA7A-C99A-4553-AED3-B3D95480D6C3}.Debug|ARM64.Build.0 = Debug|Any CPU
		{73CFAA7A-C99A-4553-AED3-B3D95480D6C3}.Debug|x64.ActiveCfg = Debug|Any CPU
		{73CFAA7A-C99A-4553-AED3-B3D95480D6C3}.Debug|x64.Build.0 = Debug|Any CPU
		{73CFAA7A-C99A-4553-AED3-B3D95480D6C3}.Debug|x86.ActiveCfg = Debug|x86
		{73CFAA7A-C99A-4553-AED3-B3D95480D6C3}.Debug|x86.Build.0 = Debug|x86
		{73CFAA7A-C99A-4553-AED3-B3D95480D6C3}.Release|Any CPU.ActiveCfg = Release|Any CPU
		{73CFAA7A-C99A-4553-AED3-B3D95480D6C3}.Release|Any CPU.Build.0 = Release|Any CPU
		{73CFAA7A-C99A-4553-AED3-B3D95480D6C3}.Release|ARM.ActiveCfg = Release|Any CPU
		{73CFAA7A-C99A-4553-AED3-B3D95480D6C3}.Release|ARM.Build.0 = Release|Any CPU
		{73CFAA7A-C99A-4553-AED3-B3D95480D6C3}.Release|ARM64.ActiveCfg = Release|Any CPU
		{73CFAA7A-C99A-4553-AED3-B3D95480D6C3}.Release|ARM64.Build.0 = Release|Any CPU
		{73CFAA7A-C99A-4553-AED3-B3D95480D6C3}.Release|x64.ActiveCfg = Release|Any CPU
		{73CFAA7A-C99A-4553-AED3-B3D95480D6C3}.Release|x64.Build.0 = Release|Any CPU
		{73CFAA7A-C99A-4553-AED3-B3D95480D6C3}.Release|x86.ActiveCfg = Release|x86
		{73CFAA7A-C99A-4553-AED3-B3D95480D6C3}.Release|x86.Build.0 = Release|x86
		{712B4151-AD41-4722-94C0-F72EB45926E5}.Debug|Any CPU.ActiveCfg = Debug
		{712B4151-AD41-4722-94C0-F72EB45926E5}.Debug|ARM.ActiveCfg = Debug
		{712B4151-AD41-4722-94C0-F72EB45926E5}.Debug|ARM64.ActiveCfg = Debug
		{712B4151-AD41-4722-94C0-F72EB45926E5}.Debug|x64.ActiveCfg = Debug
		{712B4151-AD41-4722-94C0-F72EB45926E5}.Debug|x86.ActiveCfg = Debug
		{712B4151-AD41-4722-94C0-F72EB45926E5}.Release|Any CPU.ActiveCfg = Release
		{712B4151-AD41-4722-94C0-F72EB45926E5}.Release|ARM.ActiveCfg = Release
		{712B4151-AD41-4722-94C0-F72EB45926E5}.Release|ARM64.ActiveCfg = Release
		{712B4151-AD41-4722-94C0-F72EB45926E5}.Release|x64.ActiveCfg = Release
		{712B4151-AD41-4722-94C0-F72EB45926E5}.Release|x86.ActiveCfg = Release
	EndGlobalSection
	GlobalSection(SolutionProperties) = preSolution
		HideSolutionNode = FALSE
	EndGlobalSection
	GlobalSection(ExtensibilityGlobals) = postSolution
		SolutionGuid = {A3C26F4F-7762-489E-8B12-C888D1BE52CD}
	EndGlobalSection
EndGlobal
